
Microsoft Visual Studio Solution File, Format Version 12.00
# Visual Studio Version 17
VisualStudioVersion = 17.9.34701.34
MinimumVisualStudioVersion = 10.0.40219.1
Project("{FAE04EC0-301F-11D3-BF4B-00C04F79EFBC}") = "Assignment 6", "Assignment 6.csproj", "{EFFBF326-B530-4E15-9BEB-6CF99B16702B}"
EndProject
Global
	GlobalSection(SolutionConfigurationPlatforms) = preSolution
		Debug|Any CPU = Debug|Any CPU
		Release|Any CPU = Release|Any CPU
	EndGlobalSection
	GlobalSection(ProjectConfigurationPlatforms) = postSolution
		{EFFBF326-B530-4E15-9BEB-6CF99B16702B}.Debug|Any CPU.ActiveCfg = Debug|Any CPU
		{EFFBF326-B530-4E15-9BEB-6CF99B16702B}.Debug|Any CPU.Build.0 = Debug|Any CPU
		{EFFBF326-B530-4E15-9BEB-6CF99B16702B}.Release|Any CPU.ActiveCfg = Release|Any CPU
		{EFFBF326-B530-4E15-9BEB-6CF99B16702B}.Release|Any CPU.Build.0 = Release|Any CPU
	EndGlobalSection
	GlobalSection(SolutionProperties) = preSolution
		HideSolutionNode = FALSE
	EndGlobalSection
	GlobalSection(ExtensibilityGlobals) = postSolution
		SolutionGuid = {EDD2B342-3B25-44D7-8438-235E6B2E0202}
	EndGlobalSection
EndGlobal
